// !$*UTF8*$!
{
	archiveVersion = 1;
	classes = {
	};
	objectVersion = 46;
	objects = {

/* Begin PBXBuildFile section */
		16AA3C711C403DC600E5E6F6 /* VideogameViewController.swift in Sources */ = {isa = PBXBuildFile; fileRef = 16AA3C701C403DC600E5E6F6 /* VideogameViewController.swift */; };
		16D3BBDA1C3DB2FA001AD1DF /* Media.xcassets in Resources */ = {isa = PBXBuildFile; fileRef = 16D3BBD91C3DB2FA001AD1DF /* Media.xcassets */; };
		16D9659D1C3D9AB8006A41B6 /* AppDelegate.swift in Sources */ = {isa = PBXBuildFile; fileRef = 16D9659C1C3D9AB8006A41B6 /* AppDelegate.swift */; };
		16D9659F1C3D9AB8006A41B6 /* ViewController.swift in Sources */ = {isa = PBXBuildFile; fileRef = 16D9659E1C3D9AB8006A41B6 /* ViewController.swift */; };
		16D965A21C3D9AB8006A41B6 /* Main.storyboard in Resources */ = {isa = PBXBuildFile; fileRef = 16D965A01C3D9AB8006A41B6 /* Main.storyboard */; };
		16D965A71C3D9AB8006A41B6 /* LaunchScreen.storyboard in Resources */ = {isa = PBXBuildFile; fileRef = 16D965A51C3D9AB8006A41B6 /* LaunchScreen.storyboard */; };
		16D965B21C3D9AB8006A41B6 /* AboutMeTests.swift in Sources */ = {isa = PBXBuildFile; fileRef = 16D965B11C3D9AB8006A41B6 /* AboutMeTests.swift */; };
		16D965BF1C3D9E8D006A41B6 /* KpopViewController.swift in Sources */ = {isa = PBXBuildFile; fileRef = 16D965BE1C3D9E8D006A41B6 /* KpopViewController.swift */; };
		16D965C11C3D9EA7006A41B6 /* JobViewController.swift in Sources */ = {isa = PBXBuildFile; fileRef = 16D965C01C3D9EA7006A41B6 /* JobViewController.swift */; };
		16D965C31C3D9F44006A41B6 /* AnimeViewController.swift in Sources */ = {isa = PBXBuildFile; fileRef = 16D965C21C3D9F44006A41B6 /* AnimeViewController.swift */; };
/* End PBXBuildFile section */

/* Begin PBXContainerItemProxy section */
		16D965AE1C3D9AB8006A41B6 /* PBXContainerItemProxy */ = {
			isa = PBXContainerItemProxy;
			containerPortal = 16D965911C3D9AB8006A41B6 /* Project object */;
			proxyType = 1;
			remoteGlobalIDString = 16D965981C3D9AB8006A41B6;
			remoteInfo = AboutMe;
		};
/* End PBXContainerItemProxy section */

/* Begin PBXFileReference section */
		16AA3C701C403DC600E5E6F6 /* VideogameViewController.swift */ = {isa = PBXFileReference; fileEncoding = 4; lastKnownFileType = sourcecode.swift; path = VideogameViewController.swift; sourceTree = "<group>"; };
		16D3BBD91C3DB2FA001AD1DF /* Media.xcassets */ = {isa = PBXFileReference; lastKnownFileType = folder.assetcatalog; path = Media.xcassets; sourceTree = "<group>"; };
		16D965991C3D9AB8006A41B6 /* AboutMe.app */ = {isa = PBXFileReference; explicitFileType = wrapper.application; includeInIndex = 0; path = AboutMe.app; sourceTree = BUILT_PRODUCTS_DIR; };
		16D9659C1C3D9AB8006A41B6 /* AppDelegate.swift */ = {isa = PBXFileReference; lastKnownFileType = sourcecode.swift; path = AppDelegate.swift; sourceTree = "<group>"; };
		16D9659E1C3D9AB8006A41B6 /* ViewController.swift */ = {isa = PBXFileReference; lastKnownFileType = sourcecode.swift; path = ViewController.swift; sourceTree = "<group>"; };
		16D965A11C3D9AB8006A41B6 /* Base */ = {isa = PBXFileReference; lastKnownFileType = file.storyboard; name = Base; path = Base.lproj/Main.storyboard; sourceTree = "<group>"; };
		16D965A61C3D9AB8006A41B6 /* Base */ = {isa = PBXFileReference; lastKnownFileType = file.storyboard; name = Base; path = Base.lproj/LaunchScreen.storyboard; sourceTree = "<group>"; };
		16D965A81C3D9AB8006A41B6 /* Info.plist */ = {isa = PBXFileReference; lastKnownFileType = text.plist.xml; path = Info.plist; sourceTree = "<group>"; };
		16D965AD1C3D9AB8006A41B6 /* AboutMeTests.xctest */ = {isa = PBXFileReference; explicitFileType = wrapper.cfbundle; includeInIndex = 0; path = AboutMeTests.xctest; sourceTree = BUILT_PRODUCTS_DIR; };
		16D965B11C3D9AB8006A41B6 /* AboutMeTests.swift */ = {isa = PBXFileReference; lastKnownFileType = sourcecode.swift; path = AboutMeTests.swift; sourceTree = "<group>"; };
		16D965B31C3D9AB8006A41B6 /* Info.plist */ = {isa = PBXFileReference; lastKnownFileType = text.plist.xml; path = Info.plist; sourceTree = "<group>"; };
		16D965BE1C3D9E8D006A41B6 /* KpopViewController.swift */ = {isa = PBXFileReference; fileEncoding = 4; lastKnownFileType = sourcecode.swift; path = KpopViewController.swift; sourceTree = "<group>"; };
		16D965C01C3D9EA7006A41B6 /* JobViewController.swift */ = {isa = PBXFileReference; fileEncoding = 4; lastKnownFileType = sourcecode.swift; path = JobViewController.swift; sourceTree = "<group>"; };
		16D965C21C3D9F44006A41B6 /* AnimeViewController.swift */ = {isa = PBXFileReference; fileEncoding = 4; lastKnownFileType = sourcecode.swift; path = AnimeViewController.swift; sourceTree = "<group>"; };
/* End PBXFileReference section */

/* Begin PBXFrameworksBuildPhase section */
		16D965961C3D9AB8006A41B6 /* Frameworks */ = {
			isa = PBXFrameworksBuildPhase;
			buildActionMask = 2147483647;
			files = (
			);
			runOnlyForDeploymentPostprocessing = 0;
		};
		16D965AA1C3D9AB8006A41B6 /* Frameworks */ = {
			isa = PBXFrameworksBuildPhase;
			buildActionMask = 2147483647;
			files = (
			);
			runOnlyForDeploymentPostprocessing = 0;
		};
/* End PBXFrameworksBuildPhase section */

/* Begin PBXGroup section */
		16D965901C3D9AB8006A41B6 = {
			isa = PBXGroup;
			children = (
				16D9659B1C3D9AB8006A41B6 /* AboutMe */,
				16D965B01C3D9AB8006A41B6 /* AboutMeTests */,
				16D9659A1C3D9AB8006A41B6 /* Products */,
			);
			sourceTree = "<group>";
		};
		16D9659A1C3D9AB8006A41B6 /* Products */ = {
			isa = PBXGroup;
			children = (
				16D965991C3D9AB8006A41B6 /* AboutMe.app */,
				16D965AD1C3D9AB8006A41B6 /* AboutMeTests.xctest */,
			);
			name = Products;
			sourceTree = "<group>";
		};
		16D9659B1C3D9AB8006A41B6 /* AboutMe */ = {
			isa = PBXGroup;
			children = (
				16D965BD1C3D9B60006A41B6 /* View */,
				16D965BC1C3D9B40006A41B6 /* Controller */,
				16D965A51C3D9AB8006A41B6 /* LaunchScreen.storyboard */,
				16D965A81C3D9AB8006A41B6 /* Info.plist */,
			);
			path = AboutMe;
			sourceTree = "<group>";
		};
		16D965B01C3D9AB8006A41B6 /* AboutMeTests */ = {
			isa = PBXGroup;
			children = (
				16D965B11C3D9AB8006A41B6 /* AboutMeTests.swift */,
				16D965B31C3D9AB8006A41B6 /* Info.plist */,
			);
			path = AboutMeTests;
			sourceTree = "<group>";
		};
		16D965BC1C3D9B40006A41B6 /* Controller */ = {
			isa = PBXGroup;
			children = (
				16D9659C1C3D9AB8006A41B6 /* AppDelegate.swift */,
				16D9659E1C3D9AB8006A41B6 /* ViewController.swift */,
				16D965BE1C3D9E8D006A41B6 /* KpopViewController.swift */,
				16D965C01C3D9EA7006A41B6 /* JobViewController.swift */,
				16D965C21C3D9F44006A41B6 /* AnimeViewController.swift */,
				16AA3C701C403DC600E5E6F6 /* VideogameViewController.swift */,
			);
			name = Controller;
			sourceTree = "<group>";
		};
		16D965BD1C3D9B60006A41B6 /* View */ = {
			isa = PBXGroup;
			children = (
				16D965A01C3D9AB8006A41B6 /* Main.storyboard */,
				16D3BBD91C3DB2FA001AD1DF /* Media.xcassets */,
			);
			name = View;
			sourceTree = "<group>";
		};
/* End PBXGroup section */

/* Begin PBXNativeTarget section */
		16D965981C3D9AB8006A41B6 /* AboutMe */ = {
			isa = PBXNativeTarget;
			buildConfigurationList = 16D965B61C3D9AB8006A41B6 /* Build configuration list for PBXNativeTarget "AboutMe" */;
			buildPhases = (
				16D965951C3D9AB8006A41B6 /* Sources */,
				16D965961C3D9AB8006A41B6 /* Frameworks */,
				16D965971C3D9AB8006A41B6 /* Resources */,
			);
			buildRules = (
			);
			dependencies = (
			);
			name = AboutMe;
			productName = AboutMe;
			productReference = 16D965991C3D9AB8006A41B6 /* AboutMe.app */;
			productType = "com.apple.product-type.application";
		};
		16D965AC1C3D9AB8006A41B6 /* AboutMeTests */ = {
			isa = PBXNativeTarget;
			buildConfigurationList = 16D965B91C3D9AB8006A41B6 /* Build configuration list for PBXNativeTarget "AboutMeTests" */;
			buildPhases = (
				16D965A91C3D9AB8006A41B6 /* Sources */,
				16D965AA1C3D9AB8006A41B6 /* Frameworks */,
				16D965AB1C3D9AB8006A41B6 /* Resources */,
			);
			buildRules = (
			);
			dependencies = (
				16D965AF1C3D9AB8006A41B6 /* PBXTargetDependency */,
			);
			name = AboutMeTests;
			productName = AboutMeTests;
			productReference = 16D965AD1C3D9AB8006A41B6 /* AboutMeTests.xctest */;
			productType = "com.apple.product-type.bundle.unit-test";
		};
/* End PBXNativeTarget section */

/* Begin PBXProject section */
		16D965911C3D9AB8006A41B6 /* Project object */ = {
			isa = PBXProject;
			attributes = {
				LastSwiftUpdateCheck = 0720;
				LastUpgradeCheck = 0720;
				ORGANIZATIONNAME = "Nemelka, Sydney";
				TargetAttributes = {
					16D965981C3D9AB8006A41B6 = {
						CreatedOnToolsVersion = 7.2;
					};
					16D965AC1C3D9AB8006A41B6 = {
						CreatedOnToolsVersion = 7.2;
						TestTargetID = 16D965981C3D9AB8006A41B6;
					};
				};
			};
			buildConfigurationList = 16D965941C3D9AB8006A41B6 /* Build configuration list for PBXProject "AboutMe" */;
			compatibilityVersion = "Xcode 3.2";
			developmentRegion = English;
			hasScannedForEncodings = 0;
			knownRegions = (
				en,
				Base,
			);
			mainGroup = 16D965901C3D9AB8006A41B6;
			productRefGroup = 16D9659A1C3D9AB8006A41B6 /* Products */;
			projectDirPath = "";
			projectRoot = "";
			targets = (
				16D965981C3D9AB8006A41B6 /* AboutMe */,
				16D965AC1C3D9AB8006A41B6 /* AboutMeTests */,
			);
		};
/* End PBXProject section */

/* Begin PBXResourcesBuildPhase section */
		16D965971C3D9AB8006A41B6 /* Resources */ = {
			isa = PBXResourcesBuildPhase;
			buildActionMask = 2147483647;
			files = (
				16D965A71C3D9AB8006A41B6 /* LaunchScreen.storyboard in Resources */,
				16D3BBDA1C3DB2FA001AD1DF /* Media.xcassets in Resources */,
				16D965A21C3D9AB8006A41B6 /* Main.storyboard in Resources */,
			);
			runOnlyForDeploymentPostprocessing = 0;
		};
		16D965AB1C3D9AB8006A41B6 /* Resources */ = {
			isa = PBXResourcesBuildPhase;
			buildActionMask = 2147483647;
			files = (
			);
			runOnlyForDeploymentPostprocessing = 0;
		};
/* End PBXResourcesBuildPhase section */

/* Begin PBXSourcesBuildPhase section */
		16D965951C3D9AB8006A41B6 /* Sources */ = {
			isa = PBXSourcesBuildPhase;
			buildActionMask = 2147483647;
			files = (
				16AA3C711C403DC600E5E6F6 /* VideogameViewController.swift in Sources */,
				16D965C11C3D9EA7006A41B6 /* JobViewController.swift in Sources */,
				16D965C31C3D9F44006A41B6 /* AnimeViewController.swift in Sources */,
				16D9659F1C3D9AB8006A41B6 /* ViewController.swift in Sources */,
				16D9659D1C3D9AB8006A41B6 /* AppDelegate.swift in Sources */,
				16D965BF1C3D9E8D006A41B6 /* KpopViewController.swift in Sources */,
			);
			runOnlyForDeploymentPostprocessing = 0;
		};
		16D965A91C3D9AB8006A41B6 /* Sources */ = {
			isa = PBXSourcesBuildPhase;
			buildActionMask = 2147483647;
			files = (
				16D965B21C3D9AB8006A41B6 /* AboutMeTests.swift in Sources */,
			);
			runOnlyForDeploymentPostprocessing = 0;
		};
/* End PBXSourcesBuildPhase section */

/* Begin PBXTargetDependency section */
		16D965AF1C3D9AB8006A41B6 /* PBXTargetDependency */ = {
			isa = PBXTargetDependency;
			target = 16D965981C3D9AB8006A41B6 /* AboutMe */;
			targetProxy = 16D965AE1C3D9AB8006A41B6 /* PBXContainerItemProxy */;
		};
/* End PBXTargetDependency section */

/* Begin PBXVariantGroup section */
		16D965A01C3D9AB8006A41B6 /* Main.storyboard */ = {
			isa = PBXVariantGroup;
			children = (
				16D965A11C3D9AB8006A41B6 /* Base */,
			);
			name = Main.storyboard;
			sourceTree = "<group>";
		};
		16D965A51C3D9AB8006A41B6 /* LaunchScreen.storyboard */ = {
			isa = PBXVariantGroup;
			children = (
				16D965A61C3D9AB8006A41B6 /* Base */,
			);
			name = LaunchScreen.storyboard;
			sourceTree = "<group>";
		};
/* End PBXVariantGroup section */

/* Begin XCBuildConfiguration section */
		16D965B41C3D9AB8006A41B6 /* Debug */ = {
			isa = XCBuildConfiguration;
			buildSettings = {
				ALWAYS_SEARCH_USER_PATHS = NO;
				CLANG_CXX_LANGUAGE_STANDARD = "gnu++0x";
				CLANG_CXX_LIBRARY = "libc++";
				CLANG_ENABLE_MODULES = YES;
				CLANG_ENABLE_OBJC_ARC = YES;
				CLANG_WARN_BOOL_CONVERSION = YES;
				CLANG_WARN_CONSTANT_CONVERSION = YES;
				CLANG_WARN_DIRECT_OBJC_ISA_USAGE = YES_ERROR;
				CLANG_WARN_EMPTY_BODY = YES;
				CLANG_WARN_ENUM_CONVERSION = YES;
				CLANG_WARN_INT_CONVERSION = YES;
				CLANG_WARN_OBJC_ROOT_CLASS = YES_ERROR;
				CLANG_WARN_UNREACHABLE_CODE = YES;
				CLANG_WARN__DUPLICATE_METHOD_MATCH = YES;
				"CODE_SIGN_IDENTITY[sdk=iphoneos*]" = "iPhone Developer";
				COPY_PHASE_STRIP = NO;
				DEBUG_INFORMATION_FORMAT = dwarf;
				ENABLE_STRICT_OBJC_MSGSEND = YES;
				ENABLE_TESTABILITY = YES;
				GCC_C_LANGUAGE_STANDARD = gnu99;
				GCC_DYNAMIC_NO_PIC = NO;
				GCC_NO_COMMON_BLOCKS = YES;
				GCC_OPTIMIZATION_LEVEL = 0;
				GCC_PREPROCESSOR_DEFINITIONS = (
					"DEBUG=1",
					"$(inherited)",
				);
				GCC_WARN_64_TO_32_BIT_CONVERSION = YES;
				GCC_WARN_ABOUT_RETURN_TYPE = YES_ERROR;
				GCC_WARN_UNDECLARED_SELECTOR = YES;
				GCC_WARN_UNINITIALIZED_AUTOS = YES_AGGRESSIVE;
				GCC_WARN_UNUSED_FUNCTION = YES;
				GCC_WARN_UNUSED_VARIABLE = YES;
				IPHONEOS_DEPLOYMENT_TARGET = 9.2;
				MTL_ENABLE_DEBUG_INFO = YES;
				ONLY_ACTIVE_ARCH = YES;
				SDKROOT = iphoneos;
				SWIFT_OPTIMIZATION_LEVEL = "-Onone";
				TARGETED_DEVICE_FAMILY = "1,2";
			};
			name = Debug;
		};
		16D965B51C3D9AB8006A41B6 /* Release */ = {
			isa = XCBuildConfiguration;
			buildSettings = {
				ALWAYS_SEARCH_USER_PATHS = NO;
				CLANG_CXX_LANGUAGE_STANDARD = "gnu++0x";
				CLANG_CXX_LIBRARY = "libc++";
				CLANG_ENABLE_MODULES = YES;
				CLANG_ENABLE_OBJC_ARC = YES;
				CLANG_WARN_BOOL_CONVERSION = YES;
				CLANG_WARN_CONSTANT_CONVERSION = YES;
				CLANG_WARN_DIRECT_OBJC_ISA_USAGE = YES_ERROR;
				CLANG_WARN_EMPTY_BODY = YES;
				CLANG_WARN_ENUM_CONVERSION = YES;
				CLANG_WARN_INT_CONVERSION = YES;
				CLANG_WARN_OBJC_ROOT_CLASS = YES_ERROR;
				CLANG_WARN_UNREACHABLE_CODE = YES;
				CLANG_WARN__DUPLICATE_METHOD_MATCH = YES;
				"CODE_SIGN_IDENTITY[sdk=iphoneos*]" = "iPhone Developer";
				COPY_PHASE_STRIP = NO;
				DEBUG_INFORMATION_FORMAT = "dwarf-with-dsym";
				ENABLE_NS_ASSERTIONS = NO;
				ENABLE_STRICT_OBJC_MSGSEND = YES;
				GCC_C_LANGUAGE_STANDARD = gnu99;
				GCC_NO_COMMON_BLOCKS = YES;
				GCC_WARN_64_TO_32_BIT_CONVERSION = YES;
				GCC_WARN_ABOUT_RETURN_TYPE = YES_ERROR;
				GCC_WARN_UNDECLARED_SELECTOR = YES;
				GCC_WARN_UNINITIALIZED_AUTOS = YES_AGGRESSIVE;
				GCC_WARN_UNUSED_FUNCTION = YES;
				GCC_WARN_UNUSED_VARIABLE = YES;
				IPHONEOS_DEPLOYMENT_TARGET = 9.2;
				MTL_ENABLE_DEBUG_INFO = NO;
				SDKROOT = iphoneos;
				TARGETED_DEVICE_FAMILY = "1,2";
				VALIDATE_PRODUCT = YES;
			};
			name = Release;
		};
		16D965B71C3D9AB8006A41B6 /* Debug */ = {
			isa = XCBuildConfiguration;
			buildSettings = {
				ASSETCATALOG_COMPILER_APPICON_NAME = AppIcon;
				INFOPLIST_FILE = AboutMe/Info.plist;
				LD_RUNPATH_SEARCH_PATHS = "$(inherited) @executable_path/Frameworks";
				PRODUCT_BUNDLE_IDENTIFIER = ctec.AboutMe;
				PRODUCT_NAME = "$(TARGET_NAME)";
			};
			name = Debug;
		};
		16D965B81C3D9AB8006A41B6 /* Release */ = {
			isa = XCBuildConfiguration;
			buildSettings = {
				ASSETCATALOG_COMPILER_APPICON_NAME = AppIcon;
				INFOPLIST_FILE = AboutMe/Info.plist;
				LD_RUNPATH_SEARCH_PATHS = "$(inherited) @executable_path/Frameworks";
				PRODUCT_BUNDLE_IDENTIFIER = ctec.AboutMe;
				PRODUCT_NAME = "$(TARGET_NAME)";
			};
			name = Release;
		};
		16D965BA1C3D9AB8006A41B6 /* Debug */ = {
			isa = XCBuildConfiguration;
			buildSettings = {
				BUNDLE_LOADER = "$(TEST_HOST)";
				INFOPLIST_FILE = AboutMeTests/Info.plist;
				LD_RUNPATH_SEARCH_PATHS = "$(inherited) @executable_path/Frameworks @loader_path/Frameworks";
				PRODUCT_BUNDLE_IDENTIFIER = ctec.AboutMeTests;
				PRODUCT_NAME = "$(TARGET_NAME)";
				TEST_HOST = "$(BUILT_PRODUCTS_DIR)/AboutMe.app/AboutMe";
			};
			name = Debug;
		};
		16D965BB1C3D9AB8006A41B6 /* Release */ = {
			isa = XCBuildConfiguration;
			buildSettings = {
				BUNDLE_LOADER = "$(TEST_HOST)";
				INFOPLIST_FILE = AboutMeTests/Info.plist;
				LD_RUNPATH_SEARCH_PATHS = "$(inherited) @executable_path/Frameworks @loader_path/Frameworks";
				PRODUCT_BUNDLE_IDENTIFIER = ctec.AboutMeTests;
				PRODUCT_NAME = "$(TARGET_NAME)";
				TEST_HOST = "$(BUILT_PRODUCTS_DIR)/AboutMe.app/AboutMe";
			};
			name = Release;
		};
/* End XCBuildConfiguration section */

/* Begin XCConfigurationList section */
		16D965941C3D9AB8006A41B6 /* Build configuration list for PBXProject "AboutMe" */ = {
			isa = XCConfigurationList;
			buildConfigurations = (
				16D965B41C3D9AB8006A41B6 /* Debug */,
				16D965B51C3D9AB8006A41B6 /* Release */,
			);
			defaultConfigurationIsVisible = 0;
			defaultConfigurationName = Release;
		};
		16D965B61C3D9AB8006A41B6 /* Build configuration list for PBXNativeTarget "AboutMe" */ = {
			isa = XCConfigurationList;
			buildConfigurations = (
				16D965B71C3D9AB8006A41B6 /* Debug */,
				16D965B81C3D9AB8006A41B6 /* Release */,
			);
			defaultConfigurationIsVisible = 0;
			defaultConfigurationName = Release;
		};
		16D965B91C3D9AB8006A41B6 /* Build configuration list for PBXNativeTarget "AboutMeTests" */ = {
			isa = XCConfigurationList;
			buildConfigurations = (
				16D965BA1C3D9AB8006A41B6 /* Debug */,
				16D965BB1C3D9AB8006A41B6 /* Release */,
			);
			defaultConfigurationIsVisible = 0;
			defaultConfigurationName = Release;
		};
/* End XCConfigurationList section */
	};
	rootObject = 16D965911C3D9AB8006A41B6 /* Project object */;
}
